
Microsoft Visual Studio Solution File, Format Version 12.00
# Visual Studio Version 17
VisualStudioVersion = 17.5.002.0
MinimumVisualStudioVersion = 10.0.40219.1
Project("{2150E333-8FDC-42A3-9474-1A3956D46DE8}") = "csharp-prep", "csharp-prep", "{061CE545-D3BD-41D5-A48C-1D9C07354EDF}"
EndProject
Project("{9A19103F-16F7-4668-BE54-9A1E7A4F7556}") = "Prep1", "csharp-prep\Prep1\Prep1.csproj", "{2A1A2CD5-8059-473E-988D-AF2F23EC7AD5}"
EndProject
Project("{9A19103F-16F7-4668-BE54-9A1E7A4F7556}") = "Prep2", "csharp-prep\Prep2\Prep2.csproj", "{2D4A0C2C-6338-460B-876A-D058E51094A6}"
EndProject
Project("{9A19103F-16F7-4668-BE54-9A1E7A4F7556}") = "Prep3", "csharp-prep\Prep3\Prep3.csproj", "{634835DF-05CE-4F53-813D-2ACFF8C1E594}"
EndProject
Project("{9A19103F-16F7-4668-BE54-9A1E7A4F7556}") = "Prep4", "csharp-prep\Prep4\Prep4.csproj", "{0BA2E0D1-329E-4935-9531-7A73A065DB63}"
EndProject
Project("{9A19103F-16F7-4668-BE54-9A1E7A4F7556}") = "Prep5", "csharp-prep\Prep5\Prep5.csproj", "{5AA0CA68-F3B0-4E3F-BE5D-AF273D08D6D9}"
EndProject
Project("{2150E333-8FDC-42A3-9474-1A3956D46DE8}") = "final", "final", "{4BE5A465-591E-47F2-B5E9-E506FC764262}"
EndProject
Project("{9A19103F-16F7-4668-BE54-9A1E7A4F7556}") = "FinalProject", "final\FinalProject\FinalProject.csproj", "{06C46F26-D810-4057-8909-61432CEEA4F9}"
EndProject
Project("{9A19103F-16F7-4668-BE54-9A1E7A4F7556}") = "Foundation1", "final\Foundation1\Foundation1.csproj", "{D1F2C414-08C2-48F2-8643-6F7C8FED83D7}"
EndProject
Project("{9A19103F-16F7-4668-BE54-9A1E7A4F7556}") = "Foundation2", "final\Foundation2\Foundation2.csproj", "{3FDB7EE8-A5D5-44E1-B624-E18293C99E4C}"
EndProject
Project("{9A19103F-16F7-4668-BE54-9A1E7A4F7556}") = "Foundation3", "final\Foundation3\Foundation3.csproj", "{32908C98-AA42-4C81-9A14-B163DB45EAB1}"
EndProject
Project("{9A19103F-16F7-4668-BE54-9A1E7A4F7556}") = "Foundation4", "final\Foundation4\Foundation4.csproj", "{A756B06D-6656-4DF0-98C8-BF0A7230A878}"
EndProject
Project("{2150E333-8FDC-42A3-9474-1A3956D46DE8}") = "prepare", "prepare", "{8A8CDCBB-8CF3-4904-8556-68CE5A0672BD}"
EndProject
Project("{9A19103F-16F7-4668-BE54-9A1E7A4F7556}") = "Learning02", "prepare\Learning02\Learning02.csproj", "{EB1AC1EE-6611-4A88-A713-2F9FA73D923B}"
EndProject
Project("{9A19103F-16F7-4668-BE54-9A1E7A4F7556}") = "Learning03", "prepare\Learning03\Learning03.csproj", "{0CCD842F-CBA3-4E1F-99FA-7A74ED0F9BC6}"
EndProject
Project("{9A19103F-16F7-4668-BE54-9A1E7A4F7556}") = "Learning04", "prepare\Learning04\Learning04.csproj", "{4FDC9C58-2BBD-48AC-9550-D3C23ECA8C89}"
EndProject
Project("{9A19103F-16F7-4668-BE54-9A1E7A4F7556}") = "Learning05", "prepare\Learning05\Learning05.csproj", "{B70F4CDD-466B-44A8-B59D-DF375E1A1608}"
EndProject
Project("{2150E333-8FDC-42A3-9474-1A3956D46DE8}") = "prove", "prove", "{370FB24E-9C43-4B20-AC52-5A9B83D7AF17}"
EndProject
Project("{9A19103F-16F7-4668-BE54-9A1E7A4F7556}") = "Develop02", "prove\Develop02\Develop02.csproj", "{B611A713-66DD-4061-B618-5248761F13C6}"
EndProject
Project("{9A19103F-16F7-4668-BE54-9A1E7A4F7556}") = "Develop03", "prove\Develop03\Develop03.csproj", "{AB808F21-CBFF-4AB8-ADA4-0E35D6036F08}"
EndProject
Project("{9A19103F-16F7-4668-BE54-9A1E7A4F7556}") = "Develop04", "prove\Develop04\Develop04.csproj", "{37840DF4-CF9A-480F-99D9-BC66F056A8D4}"
EndProject
Project("{9A19103F-16F7-4668-BE54-9A1E7A4F7556}") = "Develop05", "prove\Develop05\Develop05.csproj", "{08BB783B-2BD2-43F8-8122-88D0A4C2AC84}"
EndProject
Project("{2150E333-8FDC-42A3-9474-1A3956D46DE8}") = "sandbox", "sandbox", "{6576AE0C-9087-4EAC-8933-728D3926C340}"
EndProject
Project("{9A19103F-16F7-4668-BE54-9A1E7A4F7556}") = "Sandbox", "sandbox\Sandbox\Sandbox.csproj", "{E8B3E22A-0A5B-49DF-97F9-DE29EFE56782}"
EndProject
Global
	GlobalSection(SolutionConfigurationPlatforms) = preSolution
		Debug|Any CPU = Debug|Any CPU
		Release|Any CPU = Release|Any CPU
	EndGlobalSection
	GlobalSection(ProjectConfigurationPlatforms) = postSolution
		{2A1A2CD5-8059-473E-988D-AF2F23EC7AD5}.Debug|Any CPU.ActiveCfg = Debug|Any CPU
		{2A1A2CD5-8059-473E-988D-AF2F23EC7AD5}.Debug|Any CPU.Build.0 = Debug|Any CPU
		{2A1A2CD5-8059-473E-988D-AF2F23EC7AD5}.Release|Any CPU.ActiveCfg = Release|Any CPU
		{2A1A2CD5-8059-473E-988D-AF2F23EC7AD5}.Release|Any CPU.Build.0 = Release|Any CPU
		{2D4A0C2C-6338-460B-876A-D058E51094A6}.Debug|Any CPU.ActiveCfg = Debug|Any CPU
		{2D4A0C2C-6338-460B-876A-D058E51094A6}.Debug|Any CPU.Build.0 = Debug|Any CPU
		{2D4A0C2C-6338-460B-876A-D058E51094A6}.Release|Any CPU.ActiveCfg = Release|Any CPU
		{2D4A0C2C-6338-460B-876A-D058E51094A6}.Release|Any CPU.Build.0 = Release|Any CPU
		{634835DF-05CE-4F53-813D-2ACFF8C1E594}.Debug|Any CPU.ActiveCfg = Debug|Any CPU
		{634835DF-05CE-4F53-813D-2ACFF8C1E594}.Debug|Any CPU.Build.0 = Debug|Any CPU
		{634835DF-05CE-4F53-813D-2ACFF8C1E594}.Release|Any CPU.ActiveCfg = Release|Any CPU
		{634835DF-05CE-4F53-813D-2ACFF8C1E594}.Release|Any CPU.Build.0 = Release|Any CPU
		{0BA2E0D1-329E-4935-9531-7A73A065DB63}.Debug|Any CPU.ActiveCfg = Debug|Any CPU
		{0BA2E0D1-329E-4935-9531-7A73A065DB63}.Debug|Any CPU.Build.0 = Debug|Any CPU
		{0BA2E0D1-329E-4935-9531-7A73A065DB63}.Release|Any CPU.ActiveCfg = Release|Any CPU
		{0BA2E0D1-329E-4935-9531-7A73A065DB63}.Release|Any CPU.Build.0 = Release|Any CPU
		{5AA0CA68-F3B0-4E3F-BE5D-AF273D08D6D9}.Debug|Any CPU.ActiveCfg = Debug|Any CPU
		{5AA0CA68-F3B0-4E3F-BE5D-AF273D08D6D9}.Debug|Any CPU.Build.0 = Debug|Any CPU
		{5AA0CA68-F3B0-4E3F-BE5D-AF273D08D6D9}.Release|Any CPU.ActiveCfg = Release|Any CPU
		{5AA0CA68-F3B0-4E3F-BE5D-AF273D08D6D9}.Release|Any CPU.Build.0 = Release|Any CPU
		{06C46F26-D810-4057-8909-61432CEEA4F9}.Debug|Any CPU.ActiveCfg = Debug|Any CPU
		{06C46F26-D810-4057-8909-61432CEEA4F9}.Debug|Any CPU.Build.0 = Debug|Any CPU
		{06C46F26-D810-4057-8909-61432CEEA4F9}.Release|Any CPU.ActiveCfg = Release|Any CPU
		{06C46F26-D810-4057-8909-61432CEEA4F9}.Release|Any CPU.Build.0 = Release|Any CPU
		{D1F2C414-08C2-48F2-8643-6F7C8FED83D7}.Debug|Any CPU.ActiveCfg = Debug|Any CPU
		{D1F2C414-08C2-48F2-8643-6F7C8FED83D7}.Debug|Any CPU.Build.0 = Debug|Any CPU
		{D1F2C414-08C2-48F2-8643-6F7C8FED83D7}.Release|Any CPU.ActiveCfg = Release|Any CPU
		{D1F2C414-08C2-48F2-8643-6F7C8FED83D7}.Release|Any CPU.Build.0 = Release|Any CPU
		{3FDB7EE8-A5D5-44E1-B624-E18293C99E4C}.Debug|Any CPU.ActiveCfg = Debug|Any CPU
		{3FDB7EE8-A5D5-44E1-B624-E18293C99E4C}.Debug|Any CPU.Build.0 = Debug|Any CPU
		{3FDB7EE8-A5D5-44E1-B624-E18293C99E4C}.Release|Any CPU.ActiveCfg = Release|Any CPU
		{3FDB7EE8-A5D5-44E1-B624-E18293C99E4C}.Release|Any CPU.Build.0 = Release|Any CPU
		{32908C98-AA42-4C81-9A14-B163DB45EAB1}.Debug|Any CPU.ActiveCfg = Debug|Any CPU
		{32908C98-AA42-4C81-9A14-B163DB45EAB1}.Debug|Any CPU.Build.0 = Debug|Any CPU
		{32908C98-AA42-4C81-9A14-B163DB45EAB1}.Release|Any CPU.ActiveCfg = Release|Any CPU
		{32908C98-AA42-4C81-9A14-B163DB45EAB1}.Release|Any CPU.Build.0 = Release|Any CPU
		{A756B06D-6656-4DF0-98C8-BF0A7230A878}.Debug|Any CPU.ActiveCfg = Debug|Any CPU
		{A756B06D-6656-4DF0-98C8-BF0A7230A878}.Debug|Any CPU.Build.0 = Debug|Any CPU
		{A756B06D-6656-4DF0-98C8-BF0A7230A878}.Release|Any CPU.ActiveCfg = Release|Any CPU
		{A756B06D-6656-4DF0-98C8-BF0A7230A878}.Release|Any CPU.Build.0 = Release|Any CPU
		{EB1AC1EE-6611-4A88-A713-2F9FA73D923B}.Debug|Any CPU.ActiveCfg = Debug|Any CPU
		{EB1AC1EE-6611-4A88-A713-2F9FA73D923B}.Debug|Any CPU.Build.0 = Debug|Any CPU
		{EB1AC1EE-6611-4A88-A713-2F9FA73D923B}.Release|Any CPU.ActiveCfg = Release|Any CPU
		{EB1AC1EE-6611-4A88-A713-2F9FA73D923B}.Release|Any CPU.Build.0 = Release|Any CPU
		{0CCD842F-CBA3-4E1F-99FA-7A74ED0F9BC6}.Debug|Any CPU.ActiveCfg = Debug|Any CPU
		{0CCD842F-CBA3-4E1F-99FA-7A74ED0F9BC6}.Debug|Any CPU.Build.0 = Debug|Any CPU
		{0CCD842F-CBA3-4E1F-99FA-7A74ED0F9BC6}.Release|Any CPU.ActiveCfg = Release|Any CPU
		{0CCD842F-CBA3-4E1F-99FA-7A74ED0F9BC6}.Release|Any CPU.Build.0 = Release|Any CPU
		{4FDC9C58-2BBD-48AC-9550-D3C23ECA8C89}.Debug|Any CPU.ActiveCfg = Debug|Any CPU
		{4FDC9C58-2BBD-48AC-9550-D3C23ECA8C89}.Debug|Any CPU.Build.0 = Debug|Any CPU
		{4FDC9C58-2BBD-48AC-9550-D3C23ECA8C89}.Release|Any CPU.ActiveCfg = Release|Any CPU
		{4FDC9C58-2BBD-48AC-9550-D3C23ECA8C89}.Release|Any CPU.Build.0 = Release|Any CPU
		{B70F4CDD-466B-44A8-B59D-DF375E1A1608}.Debug|Any CPU.ActiveCfg = Debug|Any CPU
		{B70F4CDD-466B-44A8-B59D-DF375E1A1608}.Debug|Any CPU.Build.0 = Debug|Any CPU
		{B70F4CDD-466B-44A8-B59D-DF375E1A1608}.Release|Any CPU.ActiveCfg = Release|Any CPU
		{B70F4CDD-466B-44A8-B59D-DF375E1A1608}.Release|Any CPU.Build.0 = Release|Any CPU
		{B611A713-66DD-4061-B618-5248761F13C6}.Debug|Any CPU.ActiveCfg = Debug|Any CPU
		{B611A713-66DD-4061-B618-5248761F13C6}.Debug|Any CPU.Build.0 = Debug|Any CPU
		{B611A713-66DD-4061-B618-5248761F13C6}.Release|Any CPU.ActiveCfg = Release|Any CPU
		{B611A713-66DD-4061-B618-5248761F13C6}.Release|Any CPU.Build.0 = Release|Any CPU
		{AB808F21-CBFF-4AB8-ADA4-0E35D6036F08}.Debug|Any CPU.ActiveCfg = Debug|Any CPU
		{AB808F21-CBFF-4AB8-ADA4-0E35D6036F08}.Debug|Any CPU.Build.0 = Debug|Any CPU
		{AB808F21-CBFF-4AB8-ADA4-0E35D6036F08}.Release|Any CPU.ActiveCfg = Release|Any CPU
		{AB808F21-CBFF-4AB8-ADA4-0E35D6036F08}.Release|Any CPU.Build.0 = Release|Any CPU
		{37840DF4-CF9A-480F-99D9-BC66F056A8D4}.Debug|Any CPU.ActiveCfg = Debug|Any CPU
		{37840DF4-CF9A-480F-99D9-BC66F056A8D4}.Debug|Any CPU.Build.0 = Debug|Any CPU
		{37840DF4-CF9A-480F-99D9-BC66F056A8D4}.Release|Any CPU.ActiveCfg = Release|Any CPU
		{37840DF4-CF9A-480F-99D9-BC66F056A8D4}.Release|Any CPU.Build.0 = Release|Any CPU
		{08BB783B-2BD2-43F8-8122-88D0A4C2AC84}.Debug|Any CPU.ActiveCfg = Debug|Any CPU
		{08BB783B-2BD2-43F8-8122-88D0A4C2AC84}.Debug|Any CPU.Build.0 = Debug|Any CPU
		{08BB783B-2BD2-43F8-8122-88D0A4C2AC84}.Release|Any CPU.ActiveCfg = Release|Any CPU
		{08BB783B-2BD2-43F8-8122-88D0A4C2AC84}.Release|Any CPU.Build.0 = Release|Any CPU
		{E8B3E22A-0A5B-49DF-97F9-DE29EFE56782}.Debug|Any CPU.ActiveCfg = Debug|Any CPU
		{E8B3E22A-0A5B-49DF-97F9-DE29EFE56782}.Debug|Any CPU.Build.0 = Debug|Any CPU
		{E8B3E22A-0A5B-49DF-97F9-DE29EFE56782}.Release|Any CPU.ActiveCfg = Release|Any CPU
		{E8B3E22A-0A5B-49DF-97F9-DE29EFE56782}.Release|Any CPU.Build.0 = Release|Any CPU
	EndGlobalSection
	GlobalSection(SolutionProperties) = preSolution
		HideSolutionNode = FALSE
	EndGlobalSection
	GlobalSection(NestedProjects) = preSolution
		{2A1A2CD5-8059-473E-988D-AF2F23EC7AD5} = {061CE545-D3BD-41D5-A48C-1D9C07354EDF}
		{2D4A0C2C-6338-460B-876A-D058E51094A6} = {061CE545-D3BD-41D5-A48C-1D9C07354EDF}
		{634835DF-05CE-4F53-813D-2ACFF8C1E594} = {061CE545-D3BD-41D5-A48C-1D9C07354EDF}
		{0BA2E0D1-329E-4935-9531-7A73A065DB63} = {061CE545-D3BD-41D5-A48C-1D9C07354EDF}
		{5AA0CA68-F3B0-4E3F-BE5D-AF273D08D6D9} = {061CE545-D3BD-41D5-A48C-1D9C07354EDF}
		{06C46F26-D810-4057-8909-61432CEEA4F9} = {4BE5A465-591E-47F2-B5E9-E506FC764262}
		{D1F2C414-08C2-48F2-8643-6F7C8FED83D7} = {4BE5A465-591E-47F2-B5E9-E506FC764262}
		{3FDB7EE8-A5D5-44E1-B624-E18293C99E4C} = {4BE5A465-591E-47F2-B5E9-E506FC764262}
		{32908C98-AA42-4C81-9A14-B163DB45EAB1} = {4BE5A465-591E-47F2-B5E9-E506FC764262}
		{A756B06D-6656-4DF0-98C8-BF0A7230A878} = {4BE5A465-591E-47F2-B5E9-E506FC764262}
		{EB1AC1EE-6611-4A88-A713-2F9FA73D923B} = {8A8CDCBB-8CF3-4904-8556-68CE5A0672BD}
		{0CCD842F-CBA3-4E1F-99FA-7A74ED0F9BC6} = {8A8CDCBB-8CF3-4904-8556-68CE5A0672BD}
		{4FDC9C58-2BBD-48AC-9550-D3C23ECA8C89} = {8A8CDCBB-8CF3-4904-8556-68CE5A0672BD}
		{B70F4CDD-466B-44A8-B59D-DF375E1A1608} = {8A8CDCBB-8CF3-4904-8556-68CE5A0672BD}
		{B611A713-66DD-4061-B618-5248761F13C6} = {370FB24E-9C43-4B20-AC52-5A9B83D7AF17}
		{AB808F21-CBFF-4AB8-ADA4-0E35D6036F08} = {370FB24E-9C43-4B20-AC52-5A9B83D7AF17}
		{37840DF4-CF9A-480F-99D9-BC66F056A8D4} = {370FB24E-9C43-4B20-AC52-5A9B83D7AF17}
		{08BB783B-2BD2-43F8-8122-88D0A4C2AC84} = {370FB24E-9C43-4B20-AC52-5A9B83D7AF17}
		{E8B3E22A-0A5B-49DF-97F9-DE29EFE56782} = {6576AE0C-9087-4EAC-8933-728D3926C340}
	EndGlobalSection
	GlobalSection(ExtensibilityGlobals) = postSolution
		SolutionGuid = {FE8DFA22-2F48-425A-94C0-189A93512E5B}
	EndGlobalSection
EndGlobal
